
Microsoft Visual Studio Solution File, Format Version 12.00
# Visual Studio Version 16
VisualStudioVersion = 16.0.30804.86
MinimumVisualStudioVersion = 10.0.40219.1
Project("{FAE04EC0-301F-11D3-BF4B-00C04F79EFBC}") = "Net5Api", "Net5Api\Net5Api.csproj", "{6C493C29-19E6-417A-B686-9A34FA6C5A3B}"
EndProject
Global
	GlobalSection(SolutionConfigurationPlatforms) = preSolution
		Debug|Any CPU = Debug|Any CPU
		Release|Any CPU = Release|Any CPU
	EndGlobalSection
	GlobalSection(ProjectConfigurationPlatforms) = postSolution
		{6C493C29-19E6-417A-B686-9A34FA6C5A3B}.Debug|Any CPU.ActiveCfg = Debug|Any CPU
		{6C493C29-19E6-417A-B686-9A34FA6C5A3B}.Debug|Any CPU.Build.0 = Debug|Any CPU
		{6C493C29-19E6-417A-B686-9A34FA6C5A3B}.Release|Any CPU.ActiveCfg = Release|Any CPU
		{6C493C29-19E6-417A-B686-9A34FA6C5A3B}.Release|Any CPU.Build.0 = Release|Any CPU
	EndGlobalSection
	GlobalSection(SolutionProperties) = preSolution
		HideSolutionNode = FALSE
	EndGlobalSection
	GlobalSection(ExtensibilityGlobals) = postSolution
		SolutionGuid = {BB3E14FB-0858-4B07-9E9F-D9EAB9DBDB68}
	EndGlobalSection
EndGlobal
