
Microsoft Visual Studio Solution File, Format Version 12.00
# Visual Studio Version 16
VisualStudioVersion = 16.0.30804.86
MinimumVisualStudioVersion = 10.0.40219.1
Project("{9A19103F-16F7-4668-BE54-9A1E7A4F7556}") = "Net5Console", "Net5Console\Net5Console.csproj", "{9ED5C056-7DE5-4916-9ADE-FBCC37ED1EF1}"
EndProject
Project("{FAE04EC0-301F-11D3-BF4B-00C04F79EFBC}") = "Net5Api", "Net5Api\Net5Api.csproj", "{69B47E18-4596-4F3F-98C8-726EE2CD9E01}"
EndProject
Global
	GlobalSection(SolutionConfigurationPlatforms) = preSolution
		Debug|Any CPU = Debug|Any CPU
		Release|Any CPU = Release|Any CPU
	EndGlobalSection
	GlobalSection(ProjectConfigurationPlatforms) = postSolution
		{9ED5C056-7DE5-4916-9ADE-FBCC37ED1EF1}.Debug|Any CPU.ActiveCfg = Debug|Any CPU
		{9ED5C056-7DE5-4916-9ADE-FBCC37ED1EF1}.Debug|Any CPU.Build.0 = Debug|Any CPU
		{9ED5C056-7DE5-4916-9ADE-FBCC37ED1EF1}.Release|Any CPU.ActiveCfg = Release|Any CPU
		{9ED5C056-7DE5-4916-9ADE-FBCC37ED1EF1}.Release|Any CPU.Build.0 = Release|Any CPU
		{69B47E18-4596-4F3F-98C8-726EE2CD9E01}.Debug|Any CPU.ActiveCfg = Debug|Any CPU
		{69B47E18-4596-4F3F-98C8-726EE2CD9E01}.Debug|Any CPU.Build.0 = Debug|Any CPU
		{69B47E18-4596-4F3F-98C8-726EE2CD9E01}.Release|Any CPU.ActiveCfg = Release|Any CPU
		{69B47E18-4596-4F3F-98C8-726EE2CD9E01}.Release|Any CPU.Build.0 = Release|Any CPU
	EndGlobalSection
	GlobalSection(SolutionProperties) = preSolution
		HideSolutionNode = FALSE
	EndGlobalSection
	GlobalSection(ExtensibilityGlobals) = postSolution
		SolutionGuid = {BB3E14FB-0858-4B07-9E9F-D9EAB9DBDB68}
	EndGlobalSection
EndGlobal
